
Microsoft Visual Studio Solution File, Format Version 12.00
# Visual Studio 15
VisualStudioVersion = 15.0.27130.2010
MinimumVisualStudioVersion = 10.0.40219.1
Project("{FAE04EC0-301F-11D3-BF4B-00C04F79EFBC}") = "HomeWorkDapper", "HomeWorkDapper\HomeWorkDapper.csproj", "{3D0BFF5E-D635-423B-ACA9-923CD7334E1C}"
EndProject
Global
	GlobalSection(SolutionConfigurationPlatforms) = preSolution
		Debug|Any CPU = Debug|Any CPU
		Release|Any CPU = Release|Any CPU
	EndGlobalSection
	GlobalSection(ProjectConfigurationPlatforms) = postSolution
		{3D0BFF5E-D635-423B-ACA9-923CD7334E1C}.Debug|Any CPU.ActiveCfg = Debug|Any CPU
		{3D0BFF5E-D635-423B-ACA9-923CD7334E1C}.Debug|Any CPU.Build.0 = Debug|Any CPU
		{3D0BFF5E-D635-423B-ACA9-923CD7334E1C}.Release|Any CPU.ActiveCfg = Release|Any CPU
		{3D0BFF5E-D635-423B-ACA9-923CD7334E1C}.Release|Any CPU.Build.0 = Release|Any CPU
	EndGlobalSection
	GlobalSection(SolutionProperties) = preSolution
		HideSolutionNode = FALSE
	EndGlobalSection
	GlobalSection(ExtensibilityGlobals) = postSolution
		SolutionGuid = {1943B34B-E762-4013-A13F-68DF469CA760}
	EndGlobalSection
EndGlobal
